# THIS IS AN AUTOGENERATED FILE. DO NOT EDIT THIS FILE DIRECTLY.
# yarn lockfile v1


"apparatus@>= 0.0.9":
  version "0.0.9"
  resolved "https://registry.yarnpkg.com/apparatus/-/apparatus-0.0.9.tgz#37dcd25834ad0b651076596291db823eeb1908bd"
  dependencies:
    sylvester ">= 0.0.8"

bindings@^1.2.1:
  version "1.2.1"
  resolved "https://registry.yarnpkg.com/bindings/-/bindings-1.2.1.tgz#14ad6113812d2d37d72e67b4cacb4bb726505f11"

lodash@^4.17.4:
  version "4.17.4"
  resolved "https://registry.yarnpkg.com/lodash/-/lodash-4.17.4.tgz#78203a4d1c328ae1d86dca6460e369b57f4055ae"

nan@^2.4.0:
  version "2.6.2"
  resolved "https://registry.yarnpkg.com/nan/-/nan-2.6.2.tgz#e4ff34e6c95fdfb5aecc08de6596f43605a7db45"

natural@^0.5.4:
  version "0.5.4"
  resolved "https://registry.yarnpkg.com/natural/-/natural-0.5.4.tgz#ace41c1655daca2912dfbf99ad7b05314e205f54"
  dependencies:
    apparatus ">= 0.0.9"
    sylvester ">= 0.0.12"
    underscore ">=1.3.1"
  optionalDependencies:
    webworker-threads ">=0.6.2"

"sylvester@>= 0.0.12", "sylvester@>= 0.0.8":
  version "0.0.21"
  resolved "https://registry.yarnpkg.com/sylvester/-/sylvester-0.0.21.tgz#2987b1ce2bd2f38b0dce2a34388884bfa4400ea7"

underscore@>=1.3.1:
  version "1.8.3"
  resolved "https://registry.yarnpkg.com/underscore/-/underscore-1.8.3.tgz#4f3fb53b106e6097fcf9cb4109f2a5e9bdfa5022"

webworker-threads@>=0.6.2:
  version "0.7.11"
  resolved "https://registry.yarnpkg.com/webworker-threads/-/webworker-threads-0.7.11.tgz#9d54dfaa8d5ea3308833084680636b584a8aacaa"
  dependencies:
    bindings "^1.2.1"
    nan "^2.4.0"
